// !$*UTF8*$!
{
	archiveVersion = 1;
	classes = {
	};
	objectVersion = 55;
	objects = {

/* Begin PBXBuildFile section */
		AE976F8727A5B85300BCE9E6 /* lab14_2.swift in Sources */ = {isa = PBXBuildFile; fileRef = AE976F8627A5B85300BCE9E6 /* lab14_2.swift */; };
		AE976F8927A5C8C800BCE9E6 /* lab14_3.swift in Sources */ = {isa = PBXBuildFile; fileRef = AE976F8827A5C8C800BCE9E6 /* lab14_3.swift */; };
		AEA972ED27A2E23A004C0E10 /* lab13_3.swift in Sources */ = {isa = PBXBuildFile; fileRef = AEA972EC27A2E23A004C0E10 /* lab13_3.swift */; };
		AED4B10D2799A699005795AE /* lab13App.swift in Sources */ = {isa = PBXBuildFile; fileRef = AED4B10C2799A699005795AE /* lab13App.swift */; };
		AED4B10F2799A699005795AE /* ContentView.swift in Sources */ = {isa = PBXBuildFile; fileRef = AED4B10E2799A699005795AE /* ContentView.swift */; };
		AED4B1112799A69A005795AE /* Assets.xcassets in Resources */ = {isa = PBXBuildFile; fileRef = AED4B1102799A69A005795AE /* Assets.xcassets */; };
		AED4B1142799A69A005795AE /* Preview Assets.xcassets in Resources */ = {isa = PBXBuildFile; fileRef = AED4B1132799A69A005795AE /* Preview Assets.xcassets */; };
		AED4B11E2799C5B3005795AE /* lab13_1.swift in Sources */ = {isa = PBXBuildFile; fileRef = AED4B11D2799C5B3005795AE /* lab13_1.swift */; };
		AED4B1202799CC67005795AE /* lab13_2.swift in Sources */ = {isa = PBXBuildFile; fileRef = AED4B11F2799CC67005795AE /* lab13_2.swift */; };
		AED4B1222799D16E005795AE /* lab13_4.swift in Sources */ = {isa = PBXBuildFile; fileRef = AED4B1212799D16E005795AE /* lab13_4.swift */; };
		AED4B1242799D544005795AE /* lab14_1.swift in Sources */ = {isa = PBXBuildFile; fileRef = AED4B1232799D544005795AE /* lab14_1.swift */; };
/* End PBXBuildFile section */

/* Begin PBXFileReference section */
		AE976F8627A5B85300BCE9E6 /* lab14_2.swift */ = {isa = PBXFileReference; lastKnownFileType = sourcecode.swift; path = lab14_2.swift; sourceTree = "<group>"; };
		AE976F8827A5C8C800BCE9E6 /* lab14_3.swift */ = {isa = PBXFileReference; lastKnownFileType = sourcecode.swift; path = lab14_3.swift; sourceTree = "<group>"; };
		AEA972EC27A2E23A004C0E10 /* lab13_3.swift */ = {isa = PBXFileReference; lastKnownFileType = sourcecode.swift; path = lab13_3.swift; sourceTree = "<group>"; };
		AED4B1092799A699005795AE /* lab13.app */ = {isa = PBXFileReference; explicitFileType = wrapper.application; includeInIndex = 0; path = lab13.app; sourceTree = BUILT_PRODUCTS_DIR; };
		AED4B10C2799A699005795AE /* lab13App.swift */ = {isa = PBXFileReference; lastKnownFileType = sourcecode.swift; path = lab13App.swift; sourceTree = "<group>"; };
		AED4B10E2799A699005795AE /* ContentView.swift */ = {isa = PBXFileReference; lastKnownFileType = sourcecode.swift; path = ContentView.swift; sourceTree = "<group>"; };
		AED4B1102799A69A005795AE /* Assets.xcassets */ = {isa = PBXFileReference; lastKnownFileType = folder.assetcatalog; path = Assets.xcassets; sourceTree = "<group>"; };
		AED4B1132799A69A005795AE /* Preview Assets.xcassets */ = {isa = PBXFileReference; lastKnownFileType = folder.assetcatalog; path = "Preview Assets.xcassets"; sourceTree = "<group>"; };
		AED4B1152799A69A005795AE /* lab13.entitlements */ = {isa = PBXFileReference; lastKnownFileType = text.plist.entitlements; path = lab13.entitlements; sourceTree = "<group>"; };
		AED4B11D2799C5B3005795AE /* lab13_1.swift */ = {isa = PBXFileReference; lastKnownFileType = sourcecode.swift; path = lab13_1.swift; sourceTree = "<group>"; };
		AED4B11F2799CC67005795AE /* lab13_2.swift */ = {isa = PBXFileReference; lastKnownFileType = sourcecode.swift; path = lab13_2.swift; sourceTree = "<group>"; };
		AED4B1212799D16E005795AE /* lab13_4.swift */ = {isa = PBXFileReference; lastKnownFileType = sourcecode.swift; path = lab13_4.swift; sourceTree = "<group>"; };
		AED4B1232799D544005795AE /* lab14_1.swift */ = {isa = PBXFileReference; lastKnownFileType = sourcecode.swift; path = lab14_1.swift; sourceTree = "<group>"; };
/* End PBXFileReference section */

/* Begin PBXFrameworksBuildPhase section */
		AED4B1062799A699005795AE /* Frameworks */ = {
			isa = PBXFrameworksBuildPhase;
			buildActionMask = 2147483647;
			files = (
			);
			runOnlyForDeploymentPostprocessing = 0;
		};
/* End PBXFrameworksBuildPhase section */

/* Begin PBXGroup section */
		AED4B1002799A699005795AE = {
			isa = PBXGroup;
			children = (
				AED4B10B2799A699005795AE /* lab13 */,
				AED4B10A2799A699005795AE /* Products */,
			);
			sourceTree = "<group>";
		};
		AED4B10A2799A699005795AE /* Products */ = {
			isa = PBXGroup;
			children = (
				AED4B1092799A699005795AE /* lab13.app */,
			);
			name = Products;
			sourceTree = "<group>";
		};
		AED4B10B2799A699005795AE /* lab13 */ = {
			isa = PBXGroup;
			children = (
				AED4B10C2799A699005795AE /* lab13App.swift */,
				AED4B10E2799A699005795AE /* ContentView.swift */,
				AED4B1102799A69A005795AE /* Assets.xcassets */,
				AED4B1152799A69A005795AE /* lab13.entitlements */,
				AED4B1122799A69A005795AE /* Preview Content */,
				AED4B11D2799C5B3005795AE /* lab13_1.swift */,
				AED4B11F2799CC67005795AE /* lab13_2.swift */,
				AEA972EC27A2E23A004C0E10 /* lab13_3.swift */,
				AED4B1212799D16E005795AE /* lab13_4.swift */,
				AED4B1232799D544005795AE /* lab14_1.swift */,
				AE976F8627A5B85300BCE9E6 /* lab14_2.swift */,
				AE976F8827A5C8C800BCE9E6 /* lab14_3.swift */,
			);
			path = lab13;
			sourceTree = "<group>";
		};
		AED4B1122799A69A005795AE /* Preview Content */ = {
			isa = PBXGroup;
			children = (
				AED4B1132799A69A005795AE /* Preview Assets.xcassets */,
			);
			path = "Preview Content";
			sourceTree = "<group>";
		};
/* End PBXGroup section */

/* Begin PBXNativeTarget section */
		AED4B1082799A699005795AE /* lab13 */ = {
			isa = PBXNativeTarget;
			buildConfigurationList = AED4B1182799A69A005795AE /* Build configuration list for PBXNativeTarget "lab13" */;
			buildPhases = (
				AED4B1052799A699005795AE /* Sources */,
				AED4B1062799A699005795AE /* Frameworks */,
				AED4B1072799A699005795AE /* Resources */,
			);
			buildRules = (
			);
			dependencies = (
			);
			name = lab13;
			productName = lab13;
			productReference = AED4B1092799A699005795AE /* lab13.app */;
			productType = "com.apple.product-type.application";
		};
/* End PBXNativeTarget section */

/* Begin PBXProject section */
		AED4B1012799A699005795AE /* Project object */ = {
			isa = PBXProject;
			attributes = {
				BuildIndependentTargetsInParallel = 1;
				LastSwiftUpdateCheck = 1310;
				LastUpgradeCheck = 1320;
				TargetAttributes = {
					AED4B1082799A699005795AE = {
						CreatedOnToolsVersion = 13.1;
					};
				};
			};
			buildConfigurationList = AED4B1042799A699005795AE /* Build configuration list for PBXProject "lab13" */;
			compatibilityVersion = "Xcode 13.0";
			developmentRegion = en;
			hasScannedForEncodings = 0;
			knownRegions = (
				en,
				Base,
			);
			mainGroup = AED4B1002799A699005795AE;
			productRefGroup = AED4B10A2799A699005795AE /* Products */;
			projectDirPath = "";
			projectRoot = "";
			targets = (
				AED4B1082799A699005795AE /* lab13 */,
			);
		};
/* End PBXProject section */

/* Begin PBXResourcesBuildPhase section */
		AED4B1072799A699005795AE /* Resources */ = {
			isa = PBXResourcesBuildPhase;
			buildActionMask = 2147483647;
			files = (
				AED4B1142799A69A005795AE /* Preview Assets.xcassets in Resources */,
				AED4B1112799A69A005795AE /* Assets.xcassets in Resources */,
			);
			runOnlyForDeploymentPostprocessing = 0;
		};
/* End PBXResourcesBuildPhase section */

/* Begin PBXSourcesBuildPhase section */
		AED4B1052799A699005795AE /* Sources */ = {
			isa = PBXSourcesBuildPhase;
			buildActionMask = 2147483647;
			files = (
				AED4B1222799D16E005795AE /* lab13_4.swift in Sources */,
				AED4B1202799CC67005795AE /* lab13_2.swift in Sources */,
				AE976F8927A5C8C800BCE9E6 /* lab14_3.swift in Sources */,
				AED4B1242799D544005795AE /* lab14_1.swift in Sources */,
				AEA972ED27A2E23A004C0E10 /* lab13_3.swift in Sources */,
				AED4B11E2799C5B3005795AE /* lab13_1.swift in Sources */,
				AE976F8727A5B85300BCE9E6 /* lab14_2.swift in Sources */,
				AED4B10F2799A699005795AE /* ContentView.swift in Sources */,
				AED4B10D2799A699005795AE /* lab13App.swift in Sources */,
			);
			runOnlyForDeploymentPostprocessing = 0;
		};
/* End PBXSourcesBuildPhase section */

/* Begin XCBuildConfiguration section */
		AED4B1162799A69A005795AE /* Debug */ = {
			isa = XCBuildConfiguration;
			buildSettings = {
				ALWAYS_SEARCH_USER_PATHS = NO;
				CLANG_ANALYZER_NONNULL = YES;
				CLANG_ANALYZER_NUMBER_OBJECT_CONVERSION = YES_AGGRESSIVE;
				CLANG_CXX_LANGUAGE_STANDARD = "gnu++17";
				CLANG_CXX_LIBRARY = "libc++";
				CLANG_ENABLE_MODULES = YES;
				CLANG_ENABLE_OBJC_ARC = YES;
				CLANG_ENABLE_OBJC_WEAK = YES;
				CLANG_WARN_BLOCK_CAPTURE_AUTORELEASING = YES;
				CLANG_WARN_BOOL_CONVERSION = YES;
				CLANG_WARN_COMMA = YES;
				CLANG_WARN_CONSTANT_CONVERSION = YES;
				CLANG_WARN_DEPRECATED_OBJC_IMPLEMENTATIONS = YES;
				CLANG_WARN_DIRECT_OBJC_ISA_USAGE = YES_ERROR;
				CLANG_WARN_DOCUMENTATION_COMMENTS = YES;
				CLANG_WARN_EMPTY_BODY = YES;
				CLANG_WARN_ENUM_CONVERSION = YES;
				CLANG_WARN_INFINITE_RECURSION = YES;
				CLANG_WARN_INT_CONVERSION = YES;
				CLANG_WARN_NON_LITERAL_NULL_CONVERSION = YES;
				CLANG_WARN_OBJC_IMPLICIT_RETAIN_SELF = YES;
				CLANG_WARN_OBJC_LITERAL_CONVERSION = YES;
				CLANG_WARN_OBJC_ROOT_CLASS = YES_ERROR;
				CLANG_WARN_QUOTED_INCLUDE_IN_FRAMEWORK_HEADER = YES;
				CLANG_WARN_RANGE_LOOP_ANALYSIS = YES;
				CLANG_WARN_STRICT_PROTOTYPES = YES;
				CLANG_WARN_SUSPICIOUS_MOVE = YES;
				CLANG_WARN_UNGUARDED_AVAILABILITY = YES_AGGRESSIVE;
				CLANG_WARN_UNREACHABLE_CODE = YES;
				CLANG_WARN__DUPLICATE_METHOD_MATCH = YES;
				COPY_PHASE_STRIP = NO;
				DEBUG_INFORMATION_FORMAT = dwarf;
				ENABLE_STRICT_OBJC_MSGSEND = YES;
				ENABLE_TESTABILITY = YES;
				GCC_C_LANGUAGE_STANDARD = gnu11;
				GCC_DYNAMIC_NO_PIC = NO;
				GCC_NO_COMMON_BLOCKS = YES;
				GCC_OPTIMIZATION_LEVEL = 0;
				GCC_PREPROCESSOR_DEFINITIONS = (
					"DEBUG=1",
					"$(inherited)",
				);
				GCC_WARN_64_TO_32_BIT_CONVERSION = YES;
				GCC_WARN_ABOUT_RETURN_TYPE = YES_ERROR;
				GCC_WARN_UNDECLARED_SELECTOR = YES;
				GCC_WARN_UNINITIALIZED_AUTOS = YES_AGGRESSIVE;
				GCC_WARN_UNUSED_FUNCTION = YES;
				GCC_WARN_UNUSED_VARIABLE = YES;
				MACOSX_DEPLOYMENT_TARGET = 12.0;
				MTL_ENABLE_DEBUG_INFO = INCLUDE_SOURCE;
				MTL_FAST_MATH = YES;
				ONLY_ACTIVE_ARCH = YES;
				SDKROOT = macosx;
				SWIFT_ACTIVE_COMPILATION_CONDITIONS = DEBUG;
				SWIFT_OPTIMIZATION_LEVEL = "-Onone";
			};
			name = Debug;
		};
		AED4B1172799A69A005795AE /* Release */ = {
			isa = XCBuildConfiguration;
			buildSettings = {
				ALWAYS_SEARCH_USER_PATHS = NO;
				CLANG_ANALYZER_NONNULL = YES;
				CLANG_ANALYZER_NUMBER_OBJECT_CONVERSION = YES_AGGRESSIVE;
				CLANG_CXX_LANGUAGE_STANDARD = "gnu++17";
				CLANG_CXX_LIBRARY = "libc++";
				CLANG_ENABLE_MODULES = YES;
				CLANG_ENABLE_OBJC_ARC = YES;
				CLANG_ENABLE_OBJC_WEAK = YES;
				CLANG_WARN_BLOCK_CAPTURE_AUTORELEASING = YES;
				CLANG_WARN_BOOL_CONVERSION = YES;
				CLANG_WARN_COMMA = YES;
				CLANG_WARN_CONSTANT_CONVERSION = YES;
				CLANG_WARN_DEPRECATED_OBJC_IMPLEMENTATIONS = YES;
				CLANG_WARN_DIRECT_OBJC_ISA_USAGE = YES_ERROR;
				CLANG_WARN_DOCUMENTATION_COMMENTS = YES;
				CLANG_WARN_EMPTY_BODY = YES;
				CLANG_WARN_ENUM_CONVERSION = YES;
				CLANG_WARN_INFINITE_RECURSION = YES;
				CLANG_WARN_INT_CONVERSION = YES;
				CLANG_WARN_NON_LITERAL_NULL_CONVERSION = YES;
				CLANG_WARN_OBJC_IMPLICIT_RETAIN_SELF = YES;
				CLANG_WARN_OBJC_LITERAL_CONVERSION = YES;
				CLANG_WARN_OBJC_ROOT_CLASS = YES_ERROR;
				CLANG_WARN_QUOTED_INCLUDE_IN_FRAMEWORK_HEADER = YES;
				CLANG_WARN_RANGE_LOOP_ANALYSIS = YES;
				CLANG_WARN_STRICT_PROTOTYPES = YES;
				CLANG_WARN_SUSPICIOUS_MOVE = YES;
				CLANG_WARN_UNGUARDED_AVAILABILITY = YES_AGGRESSIVE;
				CLANG_WARN_UNREACHABLE_CODE = YES;
				CLANG_WARN__DUPLICATE_METHOD_MATCH = YES;
				COPY_PHASE_STRIP = NO;
				DEBUG_INFORMATION_FORMAT = "dwarf-with-dsym";
				ENABLE_NS_ASSERTIONS = NO;
				ENABLE_STRICT_OBJC_MSGSEND = YES;
				GCC_C_LANGUAGE_STANDARD = gnu11;
				GCC_NO_COMMON_BLOCKS = YES;
				GCC_WARN_64_TO_32_BIT_CONVERSION = YES;
				GCC_WARN_ABOUT_RETURN_TYPE = YES_ERROR;
				GCC_WARN_UNDECLARED_SELECTOR = YES;
				GCC_WARN_UNINITIALIZED_AUTOS = YES_AGGRESSIVE;
				GCC_WARN_UNUSED_FUNCTION = YES;
				GCC_WARN_UNUSED_VARIABLE = YES;
				MACOSX_DEPLOYMENT_TARGET = 12.0;
				MTL_ENABLE_DEBUG_INFO = NO;
				MTL_FAST_MATH = YES;
				SDKROOT = macosx;
				SWIFT_COMPILATION_MODE = wholemodule;
				SWIFT_OPTIMIZATION_LEVEL = "-O";
			};
			name = Release;
		};
		AED4B1192799A69A005795AE /* Debug */ = {
			isa = XCBuildConfiguration;
			buildSettings = {
				ASSETCATALOG_COMPILER_APPICON_NAME = AppIcon;
				ASSETCATALOG_COMPILER_GLOBAL_ACCENT_COLOR_NAME = AccentColor;
				CODE_SIGN_ENTITLEMENTS = lab13/lab13.entitlements;
				CODE_SIGN_IDENTITY = "-";
				CODE_SIGN_STYLE = Automatic;
				COMBINE_HIDPI_IMAGES = YES;
				CURRENT_PROJECT_VERSION = 1;
				DEVELOPMENT_ASSET_PATHS = "\"lab13/Preview Content\"";
				ENABLE_PREVIEWS = YES;
				GENERATE_INFOPLIST_FILE = YES;
				INFOPLIST_KEY_NSHumanReadableCopyright = "";
				LD_RUNPATH_SEARCH_PATHS = (
					"$(inherited)",
					"@executable_path/../Frameworks",
				);
				MARKETING_VERSION = 1.0;
				PRODUCT_BUNDLE_IDENTIFIER = PiotrPiwonski.lab13;
				PRODUCT_NAME = "$(TARGET_NAME)";
				SWIFT_EMIT_LOC_STRINGS = YES;
				SWIFT_VERSION = 5.0;
			};
			name = Debug;
		};
		AED4B11A2799A69A005795AE /* Release */ = {
			isa = XCBuildConfiguration;
			buildSettings = {
				ASSETCATALOG_COMPILER_APPICON_NAME = AppIcon;
				ASSETCATALOG_COMPILER_GLOBAL_ACCENT_COLOR_NAME = AccentColor;
				CODE_SIGN_ENTITLEMENTS = lab13/lab13.entitlements;
				CODE_SIGN_IDENTITY = "-";
				CODE_SIGN_STYLE = Automatic;
				COMBINE_HIDPI_IMAGES = YES;
				CURRENT_PROJECT_VERSION = 1;
				DEVELOPMENT_ASSET_PATHS = "\"lab13/Preview Content\"";
				ENABLE_PREVIEWS = YES;
				GENERATE_INFOPLIST_FILE = YES;
				INFOPLIST_KEY_NSHumanReadableCopyright = "";
				LD_RUNPATH_SEARCH_PATHS = (
					"$(inherited)",
					"@executable_path/../Frameworks",
				);
				MARKETING_VERSION = 1.0;
				PRODUCT_BUNDLE_IDENTIFIER = PiotrPiwonski.lab13;
				PRODUCT_NAME = "$(TARGET_NAME)";
				SWIFT_EMIT_LOC_STRINGS = YES;
				SWIFT_VERSION = 5.0;
			};
			name = Release;
		};
/* End XCBuildConfiguration section */

/* Begin XCConfigurationList section */
		AED4B1042799A699005795AE /* Build configuration list for PBXProject "lab13" */ = {
			isa = XCConfigurationList;
			buildConfigurations = (
				AED4B1162799A69A005795AE /* Debug */,
				AED4B1172799A69A005795AE /* Release */,
			);
			defaultConfigurationIsVisible = 0;
			defaultConfigurationName = Release;
		};
		AED4B1182799A69A005795AE /* Build configuration list for PBXNativeTarget "lab13" */ = {
			isa = XCConfigurationList;
			buildConfigurations = (
				AED4B1192799A69A005795AE /* Debug */,
				AED4B11A2799A69A005795AE /* Release */,
			);
			defaultConfigurationIsVisible = 0;
			defaultConfigurationName = Release;
		};
/* End XCConfigurationList section */
	};
	rootObject = AED4B1012799A699005795AE /* Project object */;
}
